
Microsoft Visual Studio Solution File, Format Version 12.00
# Visual Studio Version 17
VisualStudioVersion = 17.6.33801.468
MinimumVisualStudioVersion = 10.0.40219.1
Project("{FAE04EC0-301F-11D3-BF4B-00C04F79EFBC}") = "WebApplicationIdentity", "WebApplicationIdentity.csproj", "{2E741C7F-79C8-44F1-970B-7E616C0244E4}"
EndProject
Global
	GlobalSection(SolutionConfigurationPlatforms) = preSolution
		Debug|Any CPU = Debug|Any CPU
		Release|Any CPU = Release|Any CPU
	EndGlobalSection
	GlobalSection(ProjectConfigurationPlatforms) = postSolution
		{2E741C7F-79C8-44F1-970B-7E616C0244E4}.Debug|Any CPU.ActiveCfg = Debug|Any CPU
		{2E741C7F-79C8-44F1-970B-7E616C0244E4}.Debug|Any CPU.Build.0 = Debug|Any CPU
		{2E741C7F-79C8-44F1-970B-7E616C0244E4}.Release|Any CPU.ActiveCfg = Release|Any CPU
		{2E741C7F-79C8-44F1-970B-7E616C0244E4}.Release|Any CPU.Build.0 = Release|Any CPU
	EndGlobalSection
	GlobalSection(SolutionProperties) = preSolution
		HideSolutionNode = FALSE
	EndGlobalSection
	GlobalSection(ExtensibilityGlobals) = postSolution
		SolutionGuid = {9E2C8368-A5FB-4AB3-89CB-9B12B082F42C}
	EndGlobalSection
EndGlobal
